// !$*UTF8*$!
{
	archiveVersion = 1;
	classes = {
	};
	objectVersion = 77;
	objects = {

/* Begin PBXContainerItemProxy section */
		7AACEB5A2E6548A8006ABB7F /* PBXContainerItemProxy */ = {
			isa = PBXContainerItemProxy;
			containerPortal = 7AACEB422E6548A6006ABB7F /* Project object */;
			proxyType = 1;
			remoteGlobalIDString = 7AACEB492E6548A6006ABB7F;
			remoteInfo = BreedMemo;
		};
		7AACEB642E6548A8006ABB7F /* PBXContainerItemProxy */ = {
			isa = PBXContainerItemProxy;
			containerPortal = 7AACEB422E6548A6006ABB7F /* Project object */;
			proxyType = 1;
			remoteGlobalIDString = 7AACEB492E6548A6006ABB7F;
			remoteInfo = BreedMemo;
		};
/* End PBXContainerItemProxy section */

/* Begin PBXFileReference section */
		7AACEB4A2E6548A6006ABB7F /* BreedMemo.app */ = {isa = PBXFileReference; explicitFileType = wrapper.application; includeInIndex = 0; path = BreedMemo.app; sourceTree = BUILT_PRODUCTS_DIR; };
		7AACEB592E6548A8006ABB7F /* BreedMemoTests.xctest */ = {isa = PBXFileReference; explicitFileType = wrapper.cfbundle; includeInIndex = 0; path = BreedMemoTests.xctest; sourceTree = BUILT_PRODUCTS_DIR; };
		7AACEB632E6548A8006ABB7F /* BreedMemoUITests.xctest */ = {isa = PBXFileReference; explicitFileType = wrapper.cfbundle; includeInIndex = 0; path = BreedMemoUITests.xctest; sourceTree = BUILT_PRODUCTS_DIR; };
/* End PBXFileReference section */

/* Begin PBXFileSystemSynchronizedRootGroup section */
		7AACEB4C2E6548A6006ABB7F /* BreedMemo */ = {
			isa = PBXFileSystemSynchronizedRootGroup;
			path = BreedMemo;
			sourceTree = "<group>";
		};
		7AACEB5C2E6548A8006ABB7F /* BreedMemoTests */ = {
			isa = PBXFileSystemSynchronizedRootGroup;
			path = BreedMemoTests;
			sourceTree = "<group>";
		};
		7AACEB662E6548A8006ABB7F /* BreedMemoUITests */ = {
			isa = PBXFileSystemSynchronizedRootGroup;
			path = BreedMemoUITests;
			sourceTree = "<group>";
		};
/* End PBXFileSystemSynchronizedRootGroup section */

/* Begin PBXFrameworksBuildPhase section */
		7AACEB472E6548A6006ABB7F /* Frameworks */ = {
			isa = PBXFrameworksBuildPhase;
			buildActionMask = 2147483647;
			files = (
			);
			runOnlyForDeploymentPostprocessing = 0;
		};
		7AACEB562E6548A8006ABB7F /* Frameworks */ = {
			isa = PBXFrameworksBuildPhase;
			buildActionMask = 2147483647;
			files = (
			);
			runOnlyForDeploymentPostprocessing = 0;
		};
		7AACEB602E6548A8006ABB7F /* Frameworks */ = {
			isa = PBXFrameworksBuildPhase;
			buildActionMask = 2147483647;
			files = (
			);
			runOnlyForDeploymentPostprocessing = 0;
		};
/* End PBXFrameworksBuildPhase section */

/* Begin PBXGroup section */
		7AACEB412E6548A6006ABB7F = {
			isa = PBXGroup;
			children = (
				7AACEB4C2E6548A6006ABB7F /* BreedMemo */,
				7AACEB5C2E6548A8006ABB7F /* BreedMemoTests */,
				7AACEB662E6548A8006ABB7F /* BreedMemoUITests */,
				7AACEB4B2E6548A6006ABB7F /* Products */,
			);
			sourceTree = "<group>";
		};
		7AACEB4B2E6548A6006ABB7F /* Products */ = {
			isa = PBXGroup;
			children = (
				7AACEB4A2E6548A6006ABB7F /* BreedMemo.app */,
				7AACEB592E6548A8006ABB7F /* BreedMemoTests.xctest */,
				7AACEB632E6548A8006ABB7F /* BreedMemoUITests.xctest */,
			);
			name = Products;
			sourceTree = "<group>";
		};
/* End PBXGroup section */

/* Begin PBXNativeTarget section */
		7AACEB492E6548A6006ABB7F /* BreedMemo */ = {
			isa = PBXNativeTarget;
			buildConfigurationList = 7AACEB6D2E6548A8006ABB7F /* Build configuration list for PBXNativeTarget "BreedMemo" */;
			buildPhases = (
				7AACEB462E6548A6006ABB7F /* Sources */,
				7AACEB472E6548A6006ABB7F /* Frameworks */,
				7AACEB482E6548A6006ABB7F /* Resources */,
			);
			buildRules = (
			);
			dependencies = (
				7AACEB852E654DFB006ABB7F /* PBXTargetDependency */,
			);
			fileSystemSynchronizedGroups = (
				7AACEB4C2E6548A6006ABB7F /* BreedMemo */,
			);
			name = BreedMemo;
			packageProductDependencies = (
			);
			productName = BreedMemo;
			productReference = 7AACEB4A2E6548A6006ABB7F /* BreedMemo.app */;
			productType = "com.apple.product-type.application";
		};
		7AACEB582E6548A8006ABB7F /* BreedMemoTests */ = {
			isa = PBXNativeTarget;
			buildConfigurationList = 7AACEB702E6548A8006ABB7F /* Build configuration list for PBXNativeTarget "BreedMemoTests" */;
			buildPhases = (
				7AACEB552E6548A8006ABB7F /* Sources */,
				7AACEB562E6548A8006ABB7F /* Frameworks */,
				7AACEB572E6548A8006ABB7F /* Resources */,
			);
			buildRules = (
			);
			dependencies = (
				7AACEB5B2E6548A8006ABB7F /* PBXTargetDependency */,
			);
			fileSystemSynchronizedGroups = (
				7AACEB5C2E6548A8006ABB7F /* BreedMemoTests */,
			);
			name = BreedMemoTests;
			packageProductDependencies = (
			);
			productName = BreedMemoTests;
			productReference = 7AACEB592E6548A8006ABB7F /* BreedMemoTests.xctest */;
			productType = "com.apple.product-type.bundle.unit-test";
		};
		7AACEB622E6548A8006ABB7F /* BreedMemoUITests */ = {
			isa = PBXNativeTarget;
			buildConfigurationList = 7AACEB732E6548A8006ABB7F /* Build configuration list for PBXNativeTarget "BreedMemoUITests" */;
			buildPhases = (
				7AACEB5F2E6548A8006ABB7F /* Sources */,
				7AACEB602E6548A8006ABB7F /* Frameworks */,
				7AACEB612E6548A8006ABB7F /* Resources */,
			);
			buildRules = (
			);
			dependencies = (
				7AACEB652E6548A8006ABB7F /* PBXTargetDependency */,
			);
			fileSystemSynchronizedGroups = (
				7AACEB662E6548A8006ABB7F /* BreedMemoUITests */,
			);
			name = BreedMemoUITests;
			packageProductDependencies = (
			);
			productName = BreedMemoUITests;
			productReference = 7AACEB632E6548A8006ABB7F /* BreedMemoUITests.xctest */;
			productType = "com.apple.product-type.bundle.ui-testing";
		};
/* End PBXNativeTarget section */

/* Begin PBXProject section */
		7AACEB422E6548A6006ABB7F /* Project object */ = {
			isa = PBXProject;
			attributes = {
				BuildIndependentTargetsInParallel = 1;
				LastSwiftUpdateCheck = 1640;
				LastUpgradeCheck = 1640;
				TargetAttributes = {
					7AACEB492E6548A6006ABB7F = {
						CreatedOnToolsVersion = 16.4;
					};
					7AACEB582E6548A8006ABB7F = {
						CreatedOnToolsVersion = 16.4;
						TestTargetID = 7AACEB492E6548A6006ABB7F;
					};
					7AACEB622E6548A8006ABB7F = {
						CreatedOnToolsVersion = 16.4;
						TestTargetID = 7AACEB492E6548A6006ABB7F;
					};
				};
			};
			buildConfigurationList = 7AACEB452E6548A6006ABB7F /* Build configuration list for PBXProject "BreedMemo" */;
			developmentRegion = en;
			hasScannedForEncodings = 0;
			knownRegions = (
				en,
				Base,
			);
			mainGroup = 7AACEB412E6548A6006ABB7F;
			minimizedProjectReferenceProxies = 1;
			packageReferences = (
				7AACEB832E654DDB006ABB7F /* XCRemoteSwiftPackageReference "SwiftLintPlugins" */,
			);
			preferredProjectObjectVersion = 77;
			productRefGroup = 7AACEB4B2E6548A6006ABB7F /* Products */;
			projectDirPath = "";
			projectRoot = "";
			targets = (
				7AACEB492E6548A6006ABB7F /* BreedMemo */,
				7AACEB582E6548A8006ABB7F /* BreedMemoTests */,
				7AACEB622E6548A8006ABB7F /* BreedMemoUITests */,
			);
		};
/* End PBXProject section */

/* Begin PBXResourcesBuildPhase section */
		7AACEB482E6548A6006ABB7F /* Resources */ = {
			isa = PBXResourcesBuildPhase;
			buildActionMask = 2147483647;
			files = (
			);
			runOnlyForDeploymentPostprocessing = 0;
		};
		7AACEB572E6548A8006ABB7F /* Resources */ = {
			isa = PBXResourcesBuildPhase;
			buildActionMask = 2147483647;
			files = (
			);
			runOnlyForDeploymentPostprocessing = 0;
		};
		7AACEB612E6548A8006ABB7F /* Resources */ = {
			isa = PBXResourcesBuildPhase;
			buildActionMask = 2147483647;
			files = (
			);
			runOnlyForDeploymentPostprocessing = 0;
		};
/* End PBXResourcesBuildPhase section */

/* Begin PBXSourcesBuildPhase section */
		7AACEB462E6548A6006ABB7F /* Sources */ = {
			isa = PBXSourcesBuildPhase;
			buildActionMask = 2147483647;
			files = (
			);
			runOnlyForDeploymentPostprocessing = 0;
		};
		7AACEB552E6548A8006ABB7F /* Sources */ = {
			isa = PBXSourcesBuildPhase;
			buildActionMask = 2147483647;
			files = (
			);
			runOnlyForDeploymentPostprocessing = 0;
		};
		7AACEB5F2E6548A8006ABB7F /* Sources */ = {
			isa = PBXSourcesBuildPhase;
			buildActionMask = 2147483647;
			files = (
			);
			runOnlyForDeploymentPostprocessing = 0;
		};
/* End PBXSourcesBuildPhase section */

/* Begin PBXTargetDependency section */
		7AACEB5B2E6548A8006ABB7F /* PBXTargetDependency */ = {
			isa = PBXTargetDependency;
			target = 7AACEB492E6548A6006ABB7F /* BreedMemo */;
			targetProxy = 7AACEB5A2E6548A8006ABB7F /* PBXContainerItemProxy */;
		};
		7AACEB652E6548A8006ABB7F /* PBXTargetDependency */ = {
			isa = PBXTargetDependency;
			target = 7AACEB492E6548A6006ABB7F /* BreedMemo */;
			targetProxy = 7AACEB642E6548A8006ABB7F /* PBXContainerItemProxy */;
		};
		7AACEB852E654DFB006ABB7F /* PBXTargetDependency */ = {
			isa = PBXTargetDependency;
			productRef = 7AACEB842E654DFB006ABB7F /* SwiftLintBuildToolPlugin */;
		};
/* End PBXTargetDependency section */

/* Begin XCBuildConfiguration section */
		7AACEB6B2E6548A8006ABB7F /* Debug */ = {
			isa = XCBuildConfiguration;
			buildSettings = {
				ALWAYS_SEARCH_USER_PATHS = NO;
				ASSETCATALOG_COMPILER_GENERATE_SWIFT_ASSET_SYMBOL_EXTENSIONS = YES;
				CLANG_ANALYZER_NONNULL = YES;
				CLANG_ANALYZER_NUMBER_OBJECT_CONVERSION = YES_AGGRESSIVE;
				CLANG_CXX_LANGUAGE_STANDARD = "gnu++20";
				CLANG_ENABLE_MODULES = YES;
				CLANG_ENABLE_OBJC_ARC = YES;
				CLANG_ENABLE_OBJC_WEAK = YES;
				CLANG_WARN_BLOCK_CAPTURE_AUTORELEASING = YES;
				CLANG_WARN_BOOL_CONVERSION = YES;
				CLANG_WARN_COMMA = YES;
				CLANG_WARN_CONSTANT_CONVERSION = YES;
				CLANG_WARN_DEPRECATED_OBJC_IMPLEMENTATIONS = YES;
				CLANG_WARN_DIRECT_OBJC_ISA_USAGE = YES_ERROR;
				CLANG_WARN_DOCUMENTATION_COMMENTS = YES;
				CLANG_WARN_EMPTY_BODY = YES;
				CLANG_WARN_ENUM_CONVERSION = YES;
				CLANG_WARN_INFINITE_RECURSION = YES;
				CLANG_WARN_INT_CONVERSION = YES;
				CLANG_WARN_NON_LITERAL_NULL_CONVERSION = YES;
				CLANG_WARN_OBJC_IMPLICIT_RETAIN_SELF = YES;
				CLANG_WARN_OBJC_LITERAL_CONVERSION = YES;
				CLANG_WARN_OBJC_ROOT_CLASS = YES_ERROR;
				CLANG_WARN_QUOTED_INCLUDE_IN_FRAMEWORK_HEADER = YES;
				CLANG_WARN_RANGE_LOOP_ANALYSIS = YES;
				CLANG_WARN_STRICT_PROTOTYPES = YES;
				CLANG_WARN_SUSPICIOUS_MOVE = YES;
				CLANG_WARN_UNGUARDED_AVAILABILITY = YES_AGGRESSIVE;
				CLANG_WARN_UNREACHABLE_CODE = YES;
				CLANG_WARN__DUPLICATE_METHOD_MATCH = YES;
				COPY_PHASE_STRIP = NO;
				DEBUG_INFORMATION_FORMAT = dwarf;
				ENABLE_STRICT_OBJC_MSGSEND = YES;
				ENABLE_TESTABILITY = YES;
				ENABLE_USER_SCRIPT_SANDBOXING = YES;
				GCC_C_LANGUAGE_STANDARD = gnu17;
				GCC_DYNAMIC_NO_PIC = NO;
				GCC_NO_COMMON_BLOCKS = YES;
				GCC_OPTIMIZATION_LEVEL = 0;
				GCC_PREPROCESSOR_DEFINITIONS = (
					"DEBUG=1",
					"$(inherited)",
				);
				GCC_WARN_64_TO_32_BIT_CONVERSION = YES;
				GCC_WARN_ABOUT_RETURN_TYPE = YES_ERROR;
				GCC_WARN_UNDECLARED_SELECTOR = YES;
				GCC_WARN_UNINITIALIZED_AUTOS = YES_AGGRESSIVE;
				GCC_WARN_UNUSED_FUNCTION = YES;
				GCC_WARN_UNUSED_VARIABLE = YES;
				IPHONEOS_DEPLOYMENT_TARGET = 18.5;
				LOCALIZATION_PREFERS_STRING_CATALOGS = YES;
				MTL_ENABLE_DEBUG_INFO = INCLUDE_SOURCE;
				MTL_FAST_MATH = YES;
				ONLY_ACTIVE_ARCH = YES;
				SDKROOT = iphoneos;
				SWIFT_ACTIVE_COMPILATION_CONDITIONS = "DEBUG $(inherited)";
				SWIFT_OPTIMIZATION_LEVEL = "-Onone";
			};
			name = Debug;
		};
		7AACEB6C2E6548A8006ABB7F /* Release */ = {
			isa = XCBuildConfiguration;
			buildSettings = {
				ALWAYS_SEARCH_USER_PATHS = NO;
				ASSETCATALOG_COMPILER_GENERATE_SWIFT_ASSET_SYMBOL_EXTENSIONS = YES;
				CLANG_ANALYZER_NONNULL = YES;
				CLANG_ANALYZER_NUMBER_OBJECT_CONVERSION = YES_AGGRESSIVE;
				CLANG_CXX_LANGUAGE_STANDARD = "gnu++20";
				CLANG_ENABLE_MODULES = YES;
				CLANG_ENABLE_OBJC_ARC = YES;
				CLANG_ENABLE_OBJC_WEAK = YES;
				CLANG_WARN_BLOCK_CAPTURE_AUTORELEASING = YES;
				CLANG_WARN_BOOL_CONVERSION = YES;
				CLANG_WARN_COMMA = YES;
				CLANG_WARN_CONSTANT_CONVERSION = YES;
				CLANG_WARN_DEPRECATED_OBJC_IMPLEMENTATIONS = YES;
				CLANG_WARN_DIRECT_OBJC_ISA_USAGE = YES_ERROR;
				CLANG_WARN_DOCUMENTATION_COMMENTS = YES;
				CLANG_WARN_EMPTY_BODY = YES;
				CLANG_WARN_ENUM_CONVERSION = YES;
				CLANG_WARN_INFINITE_RECURSION = YES;
				CLANG_WARN_INT_CONVERSION = YES;
				CLANG_WARN_NON_LITERAL_NULL_CONVERSION = YES;
				CLANG_WARN_OBJC_IMPLICIT_RETAIN_SELF = YES;
				CLANG_WARN_OBJC_LITERAL_CONVERSION = YES;
				CLANG_WARN_OBJC_ROOT_CLASS = YES_ERROR;
				CLANG_WARN_QUOTED_INCLUDE_IN_FRAMEWORK_HEADER = YES;
				CLANG_WARN_RANGE_LOOP_ANALYSIS = YES;
				CLANG_WARN_STRICT_PROTOTYPES = YES;
				CLANG_WARN_SUSPICIOUS_MOVE = YES;
				CLANG_WARN_UNGUARDED_AVAILABILITY = YES_AGGRESSIVE;
				CLANG_WARN_UNREACHABLE_CODE = YES;
				CLANG_WARN__DUPLICATE_METHOD_MATCH = YES;
				COPY_PHASE_STRIP = NO;
				DEBUG_INFORMATION_FORMAT = "dwarf-with-dsym";
				ENABLE_NS_ASSERTIONS = NO;
				ENABLE_STRICT_OBJC_MSGSEND = YES;
				ENABLE_USER_SCRIPT_SANDBOXING = YES;
				GCC_C_LANGUAGE_STANDARD = gnu17;
				GCC_NO_COMMON_BLOCKS = YES;
				GCC_WARN_64_TO_32_BIT_CONVERSION = YES;
				GCC_WARN_ABOUT_RETURN_TYPE = YES_ERROR;
				GCC_WARN_UNDECLARED_SELECTOR = YES;
				GCC_WARN_UNINITIALIZED_AUTOS = YES_AGGRESSIVE;
				GCC_WARN_UNUSED_FUNCTION = YES;
				GCC_WARN_UNUSED_VARIABLE = YES;
				IPHONEOS_DEPLOYMENT_TARGET = 18.5;
				LOCALIZATION_PREFERS_STRING_CATALOGS = YES;
				MTL_ENABLE_DEBUG_INFO = NO;
				MTL_FAST_MATH = YES;
				SDKROOT = iphoneos;
				SWIFT_COMPILATION_MODE = wholemodule;
				VALIDATE_PRODUCT = YES;
			};
			name = Release;
		};
		7AACEB6E2E6548A8006ABB7F /* Debug */ = {
			isa = XCBuildConfiguration;
			buildSettings = {
				ASSETCATALOG_COMPILER_APPICON_NAME = AppIcon;
				ASSETCATALOG_COMPILER_GLOBAL_ACCENT_COLOR_NAME = AccentColor;
				CODE_SIGN_STYLE = Automatic;
				CURRENT_PROJECT_VERSION = 1;
				ENABLE_PREVIEWS = YES;
				GENERATE_INFOPLIST_FILE = YES;
				INFOPLIST_KEY_UIApplicationSceneManifest_Generation = YES;
				INFOPLIST_KEY_UIApplicationSupportsIndirectInputEvents = YES;
				INFOPLIST_KEY_UILaunchScreen_Generation = YES;
				INFOPLIST_KEY_UISupportedInterfaceOrientations_iPad = "UIInterfaceOrientationPortrait UIInterfaceOrientationPortraitUpsideDown UIInterfaceOrientationLandscapeLeft UIInterfaceOrientationLandscapeRight";
				INFOPLIST_KEY_UISupportedInterfaceOrientations_iPhone = "UIInterfaceOrientationPortrait UIInterfaceOrientationLandscapeLeft UIInterfaceOrientationLandscapeRight";
				LD_RUNPATH_SEARCH_PATHS = (
					"$(inherited)",
					"@executable_path/Frameworks",
				);
				MARKETING_VERSION = 1.0;
				PRODUCT_BUNDLE_IDENTIFIER = tomtek.BreedMemo;
				PRODUCT_NAME = "$(TARGET_NAME)";
				SWIFT_EMIT_LOC_STRINGS = YES;
				SWIFT_VERSION = 5.0;
				TARGETED_DEVICE_FAMILY = "1,2";
			};
			name = Debug;
		};
		7AACEB6F2E6548A8006ABB7F /* Release */ = {
			isa = XCBuildConfiguration;
			buildSettings = {
				ASSETCATALOG_COMPILER_APPICON_NAME = AppIcon;
				ASSETCATALOG_COMPILER_GLOBAL_ACCENT_COLOR_NAME = AccentColor;
				CODE_SIGN_STYLE = Automatic;
				CURRENT_PROJECT_VERSION = 1;
				ENABLE_PREVIEWS = YES;
				GENERATE_INFOPLIST_FILE = YES;
				INFOPLIST_KEY_UIApplicationSceneManifest_Generation = YES;
				INFOPLIST_KEY_UIApplicationSupportsIndirectInputEvents = YES;
				INFOPLIST_KEY_UILaunchScreen_Generation = YES;
				INFOPLIST_KEY_UISupportedInterfaceOrientations_iPad = "UIInterfaceOrientationPortrait UIInterfaceOrientationPortraitUpsideDown UIInterfaceOrientationLandscapeLeft UIInterfaceOrientationLandscapeRight";
				INFOPLIST_KEY_UISupportedInterfaceOrientations_iPhone = "UIInterfaceOrientationPortrait UIInterfaceOrientationLandscapeLeft UIInterfaceOrientationLandscapeRight";
				LD_RUNPATH_SEARCH_PATHS = (
					"$(inherited)",
					"@executable_path/Frameworks",
				);
				MARKETING_VERSION = 1.0;
				PRODUCT_BUNDLE_IDENTIFIER = tomtek.BreedMemo;
				PRODUCT_NAME = "$(TARGET_NAME)";
				SWIFT_EMIT_LOC_STRINGS = YES;
				SWIFT_VERSION = 5.0;
				TARGETED_DEVICE_FAMILY = "1,2";
			};
			name = Release;
		};
		7AACEB712E6548A8006ABB7F /* Debug */ = {
			isa = XCBuildConfiguration;
			buildSettings = {
				BUNDLE_LOADER = "$(TEST_HOST)";
				CODE_SIGN_STYLE = Automatic;
				CURRENT_PROJECT_VERSION = 1;
				GENERATE_INFOPLIST_FILE = YES;
				IPHONEOS_DEPLOYMENT_TARGET = 18.5;
				MARKETING_VERSION = 1.0;
				PRODUCT_BUNDLE_IDENTIFIER = tomtek.BreedMemoTests;
				PRODUCT_NAME = "$(TARGET_NAME)";
				SWIFT_EMIT_LOC_STRINGS = NO;
				SWIFT_VERSION = 5.0;
				TARGETED_DEVICE_FAMILY = "1,2";
				TEST_HOST = "$(BUILT_PRODUCTS_DIR)/BreedMemo.app/$(BUNDLE_EXECUTABLE_FOLDER_PATH)/BreedMemo";
			};
			name = Debug;
		};
		7AACEB722E6548A8006ABB7F /* Release */ = {
			isa = XCBuildConfiguration;
			buildSettings = {
				BUNDLE_LOADER = "$(TEST_HOST)";
				CODE_SIGN_STYLE = Automatic;
				CURRENT_PROJECT_VERSION = 1;
				GENERATE_INFOPLIST_FILE = YES;
				IPHONEOS_DEPLOYMENT_TARGET = 18.5;
				MARKETING_VERSION = 1.0;
				PRODUCT_BUNDLE_IDENTIFIER = tomtek.BreedMemoTests;
				PRODUCT_NAME = "$(TARGET_NAME)";
				SWIFT_EMIT_LOC_STRINGS = NO;
				SWIFT_VERSION = 5.0;
				TARGETED_DEVICE_FAMILY = "1,2";
				TEST_HOST = "$(BUILT_PRODUCTS_DIR)/BreedMemo.app/$(BUNDLE_EXECUTABLE_FOLDER_PATH)/BreedMemo";
			};
			name = Release;
		};
		7AACEB742E6548A8006ABB7F /* Debug */ = {
			isa = XCBuildConfiguration;
			buildSettings = {
				CODE_SIGN_STYLE = Automatic;
				CURRENT_PROJECT_VERSION = 1;
				GENERATE_INFOPLIST_FILE = YES;
				MARKETING_VERSION = 1.0;
				PRODUCT_BUNDLE_IDENTIFIER = tomtek.BreedMemoUITests;
				PRODUCT_NAME = "$(TARGET_NAME)";
				SWIFT_EMIT_LOC_STRINGS = NO;
				SWIFT_VERSION = 5.0;
				TARGETED_DEVICE_FAMILY = "1,2";
				TEST_TARGET_NAME = BreedMemo;
			};
			name = Debug;
		};
		7AACEB752E6548A8006ABB7F /* Release */ = {
			isa = XCBuildConfiguration;
			buildSettings = {
				CODE_SIGN_STYLE = Automatic;
				CURRENT_PROJECT_VERSION = 1;
				GENERATE_INFOPLIST_FILE = YES;
				MARKETING_VERSION = 1.0;
				PRODUCT_BUNDLE_IDENTIFIER = tomtek.BreedMemoUITests;
				PRODUCT_NAME = "$(TARGET_NAME)";
				SWIFT_EMIT_LOC_STRINGS = NO;
				SWIFT_VERSION = 5.0;
				TARGETED_DEVICE_FAMILY = "1,2";
				TEST_TARGET_NAME = BreedMemo;
			};
			name = Release;
		};
/* End XCBuildConfiguration section */

/* Begin XCConfigurationList section */
		7AACEB452E6548A6006ABB7F /* Build configuration list for PBXProject "BreedMemo" */ = {
			isa = XCConfigurationList;
			buildConfigurations = (
				7AACEB6B2E6548A8006ABB7F /* Debug */,
				7AACEB6C2E6548A8006ABB7F /* Release */,
			);
			defaultConfigurationIsVisible = 0;
			defaultConfigurationName = Release;
		};
		7AACEB6D2E6548A8006ABB7F /* Build configuration list for PBXNativeTarget "BreedMemo" */ = {
			isa = XCConfigurationList;
			buildConfigurations = (
				7AACEB6E2E6548A8006ABB7F /* Debug */,
				7AACEB6F2E6548A8006ABB7F /* Release */,
			);
			defaultConfigurationIsVisible = 0;
			defaultConfigurationName = Release;
		};
		7AACEB702E6548A8006ABB7F /* Build configuration list for PBXNativeTarget "BreedMemoTests" */ = {
			isa = XCConfigurationList;
			buildConfigurations = (
				7AACEB712E6548A8006ABB7F /* Debug */,
				7AACEB722E6548A8006ABB7F /* Release */,
			);
			defaultConfigurationIsVisible = 0;
			defaultConfigurationName = Release;
		};
		7AACEB732E6548A8006ABB7F /* Build configuration list for PBXNativeTarget "BreedMemoUITests" */ = {
			isa = XCConfigurationList;
			buildConfigurations = (
				7AACEB742E6548A8006ABB7F /* Debug */,
				7AACEB752E6548A8006ABB7F /* Release */,
			);
			defaultConfigurationIsVisible = 0;
			defaultConfigurationName = Release;
		};
/* End XCConfigurationList section */

/* Begin XCRemoteSwiftPackageReference section */
		7AACEB832E654DDB006ABB7F /* XCRemoteSwiftPackageReference "SwiftLintPlugins" */ = {
			isa = XCRemoteSwiftPackageReference;
			repositoryURL = "https://github.com/SimplyDanny/SwiftLintPlugins";
			requirement = {
				kind = upToNextMajorVersion;
				minimumVersion = 0.60.0;
			};
		};
/* End XCRemoteSwiftPackageReference section */

/* Begin XCSwiftPackageProductDependency section */
		7AACEB842E654DFB006ABB7F /* SwiftLintBuildToolPlugin */ = {
			isa = XCSwiftPackageProductDependency;
			package = 7AACEB832E654DDB006ABB7F /* XCRemoteSwiftPackageReference "SwiftLintPlugins" */;
			productName = "plugin:SwiftLintBuildToolPlugin";
		};
/* End XCSwiftPackageProductDependency section */
	};
	rootObject = 7AACEB422E6548A6006ABB7F /* Project object */;
}
